# THIS IS AN AUTOGENERATED FILE. DO NOT EDIT THIS FILE DIRECTLY.
# yarn lockfile v1


imba@^1.5.2:
  version "1.5.2"
  resolved "https://registry.yarnpkg.com/imba/-/imba-1.5.2.tgz#2aecfa74e2919fb1899b9b56bef552c254d2e2b9"
  integrity sha512-q8LSiaqo9gz/Md7F9AB4mMmhUk5It3RjSvNNW0XOLwXbxQ1Bqq7IXbaltjxxKyf0yBMMMFTzRbGADbcTqmkTGg==
